---
lockVersion: 1.0.0
dependencies:
  codeql/concepts:
    version: 0.0.32
  codeql/controlflow:
    version: 2.0.42
  codeql/dataflow:
    version: 2.1.14
  codeql/mad:
    version: 1.0.58
  codeql/regex:
    version: 1.0.58
  codeql/ssa:
    version: 2.0.34
  codeql/swift-all:
    version: 6.8.4
  codeql/tutorial:
    version: 1.0.58
  codeql/typetracking:
    version: 2.0.42
  codeql/util:
    version: 2.0.45
compiled: false
